
Microsoft Visual Studio Solution File, Format Version 12.00
# Visual Studio Version 16
VisualStudioVersion = 16.0.31702.278
MinimumVisualStudioVersion = 10.0.40219.1
Project("{9A19103F-16F7-4668-BE54-9A1E7A4F7556}") = "GestionPizzeria", "GestionPizzeria\GestionPizzeria.csproj", "{6ADB663F-2AA2-4C5C-98D5-205967D0A32A}"
EndProject
Global
	GlobalSection(SolutionConfigurationPlatforms) = preSolution
		Debug|Any CPU = Debug|Any CPU
		Release|Any CPU = Release|Any CPU
	EndGlobalSection
	GlobalSection(ProjectConfigurationPlatforms) = postSolution
		{6ADB663F-2AA2-4C5C-98D5-205967D0A32A}.Debug|Any CPU.ActiveCfg = Debug|Any CPU
		{6ADB663F-2AA2-4C5C-98D5-205967D0A32A}.Debug|Any CPU.Build.0 = Debug|Any CPU
		{6ADB663F-2AA2-4C5C-98D5-205967D0A32A}.Release|Any CPU.ActiveCfg = Release|Any CPU
		{6ADB663F-2AA2-4C5C-98D5-205967D0A32A}.Release|Any CPU.Build.0 = Release|Any CPU
	EndGlobalSection
	GlobalSection(SolutionProperties) = preSolution
		HideSolutionNode = FALSE
	EndGlobalSection
	GlobalSection(ExtensibilityGlobals) = postSolution
		SolutionGuid = {94C919DC-824F-42DD-BE7B-8F202DB4CC38}
	EndGlobalSection
EndGlobal
